{
  "version": 1,
  "dependencies": {
    "net10.0": {
      "Microsoft.AspNetCore.Authentication.Negotiate": {
        "type": "Direct",
        "requested": "[10.0.12, )",
        "resolved": "10.0.12",
        "contentHash": "VfOevKtT0kUW4xxUBpwNnHbOHB4BjI1Uf17pRbiLdMwzEQ2k7UU5fAXKFK32kKnvhcrI1zzRCanvtc23k/5y7w==",
        "dependencies": {
          "System.DirectoryServices.Protocols": "10.0.12"
        }
      },
      "System.DirectoryServices.Protocols": {
        "type": "Transitive",
        "resolved": "10.0.12",
        "contentHash": "L2PHm7ewfjQYgbhBUB+lXiewxoNo+rhn06geWeUJP3qYCDnkL+Qibv6TEPMlMsF/zab4cU2bE8BWTBqzHZYiYg=="
      }
    }
  }
}